
Microsoft Visual Studio Solution File, Format Version 12.00
# Visual Studio Version 16
VisualStudioVersion = 16.0.31129.286
MinimumVisualStudioVersion = 10.0.40219.1
Project("{FAE04EC0-301F-11D3-BF4B-00C04F79EFBC}") = "SalesWebMvc", "SalesWebMvc\SalesWebMvc.csproj", "{63925A0F-C375-43B3-8CE6-8B380A7D9590}"
EndProject
Global
	GlobalSection(SolutionConfigurationPlatforms) = preSolution
		Debug|Any CPU = Debug|Any CPU
		Release|Any CPU = Release|Any CPU
	EndGlobalSection
	GlobalSection(ProjectConfigurationPlatforms) = postSolution
		{63925A0F-C375-43B3-8CE6-8B380A7D9590}.Debug|Any CPU.ActiveCfg = Debug|Any CPU
		{63925A0F-C375-43B3-8CE6-8B380A7D9590}.Debug|Any CPU.Build.0 = Debug|Any CPU
		{63925A0F-C375-43B3-8CE6-8B380A7D9590}.Release|Any CPU.ActiveCfg = Release|Any CPU
		{63925A0F-C375-43B3-8CE6-8B380A7D9590}.Release|Any CPU.Build.0 = Release|Any CPU
	EndGlobalSection
	GlobalSection(SolutionProperties) = preSolution
		HideSolutionNode = FALSE
	EndGlobalSection
	GlobalSection(ExtensibilityGlobals) = postSolution
		SolutionGuid = {E4F85F87-0F94-4BC7-A7EE-6798619BEE04}
	EndGlobalSection
EndGlobal
